// !$*UTF8*$!
{
	archiveVersion = 1;
	classes = {
	};
	objectVersion = 50;
	objects = {

/* Begin PBXBuildFile section */
		183B16932529E281007C7A72 /* PlantFilter.swift in Sources */ = {isa = PBXBuildFile; fileRef = 183B16922529E281007C7A72 /* PlantFilter.swift */; };
		183B1697252A4D3E007C7A72 /* PlantExclude.swift in Sources */ = {isa = PBXBuildFile; fileRef = 183B1696252A4D3E007C7A72 /* PlantExclude.swift */; };
		183B169B252A5271007C7A72 /* PlantSortOrder.swift in Sources */ = {isa = PBXBuildFile; fileRef = 183B169A252A5271007C7A72 /* PlantSortOrder.swift */; };
		183B169F252A54F2007C7A72 /* PlantRange.swift in Sources */ = {isa = PBXBuildFile; fileRef = 183B169E252A54F2007C7A72 /* PlantRange.swift */; };
		183B16A7252A5877007C7A72 /* Kingdoms.swift in Sources */ = {isa = PBXBuildFile; fileRef = 183B16A6252A5877007C7A72 /* Kingdoms.swift */; };
		183B16AB252A5B1C007C7A72 /* KingdomsTests.swift in Sources */ = {isa = PBXBuildFile; fileRef = 183B16AA252A5B1B007C7A72 /* KingdomsTests.swift */; };
		183B16B1252A5D56007C7A72 /* Subkingdoms.swift in Sources */ = {isa = PBXBuildFile; fileRef = 183B16B0252A5D56007C7A72 /* Subkingdoms.swift */; };
		183B16B5252A5E8C007C7A72 /* SubkingdomsTests.swift in Sources */ = {isa = PBXBuildFile; fileRef = 183B16B4252A5E8C007C7A72 /* SubkingdomsTests.swift */; };
		183B16C2252A6006007C7A72 /* Divisions.swift in Sources */ = {isa = PBXBuildFile; fileRef = 183B16C1252A6006007C7A72 /* Divisions.swift */; };
		183B16C6252A610D007C7A72 /* DivisionsTests.swift in Sources */ = {isa = PBXBuildFile; fileRef = 183B16C5252A610D007C7A72 /* DivisionsTests.swift */; };
		184BB2C624E5E1D6007DED03 /* Response.swift in Sources */ = {isa = PBXBuildFile; fileRef = 184BB2C524E5E1D6007DED03 /* Response.swift */; };
		186105BA244F1332008A863B /* TestConfig.swift in Sources */ = {isa = PBXBuildFile; fileRef = 186105B8244F1332008A863B /* TestConfig.swift */; };
		186105BB244F1332008A863B /* TestConfig.json in Resources */ = {isa = PBXBuildFile; fileRef = 186105B9244F1332008A863B /* TestConfig.json */; };
		186105BF244F14BF008A863B /* Trefle.swift in Sources */ = {isa = PBXBuildFile; fileRef = 186105BE244F14BF008A863B /* Trefle.swift */; };
		186105C2244F1AD1008A863B /* KeychainPasswordItem.swift in Sources */ = {isa = PBXBuildFile; fileRef = 186105C1244F1AD1008A863B /* KeychainPasswordItem.swift */; };
		186105C4244F1B92008A863B /* Authentication.swift in Sources */ = {isa = PBXBuildFile; fileRef = 186105C3244F1B92008A863B /* Authentication.swift */; };
		186105C7244F1C45008A863B /* JWTState.swift in Sources */ = {isa = PBXBuildFile; fileRef = 186105C6244F1C45008A863B /* JWTState.swift */; };
		186105C9244F21F0008A863B /* TrefleError.swift in Sources */ = {isa = PBXBuildFile; fileRef = 186105C8244F21F0008A863B /* TrefleError.swift */; };
		186105CD244F8C1E008A863B /* JSONDecoderExtensions.swift in Sources */ = {isa = PBXBuildFile; fileRef = 186105CB244F8C1E008A863B /* JSONDecoderExtensions.swift */; };
		186105CE244F8C1E008A863B /* URLRequestExtensions.swift in Sources */ = {isa = PBXBuildFile; fileRef = 186105CC244F8C1E008A863B /* URLRequestExtensions.swift */; };
		186105D024507687008A863B /* Plants.swift in Sources */ = {isa = PBXBuildFile; fileRef = 186105CF24507687008A863B /* Plants.swift */; };
		186105D324507C37008A863B /* PlantRef.swift in Sources */ = {isa = PBXBuildFile; fileRef = 186105D224507C37008A863B /* PlantRef.swift */; };
		186105D52450D01A008A863B /* PlantsTests.swift in Sources */ = {isa = PBXBuildFile; fileRef = 186105D42450D01A008A863B /* PlantsTests.swift */; };
		1874837A244F0E0F00120F73 /* TrefleSwiftSDK.framework in Frameworks */ = {isa = PBXBuildFile; fileRef = 18748370244F0E0F00120F73 /* TrefleSwiftSDK.framework */; };
		1874837F244F0E0F00120F73 /* TrefleAuthTests.swift in Sources */ = {isa = PBXBuildFile; fileRef = 1874837E244F0E0F00120F73 /* TrefleAuthTests.swift */; };
		18748381244F0E0F00120F73 /* TrefleSwiftSDK.h in Headers */ = {isa = PBXBuildFile; fileRef = 18748373244F0E0F00120F73 /* TrefleSwiftSDK.h */; settings = {ATTRIBUTES = (Public, ); }; };
		187A8FA224E704390021B640 /* Links.swift in Sources */ = {isa = PBXBuildFile; fileRef = 187A8FA124E704390021B640 /* Links.swift */; };
		187A8FA424E704510021B640 /* Metadata.swift in Sources */ = {isa = PBXBuildFile; fileRef = 187A8FA324E704510021B640 /* Metadata.swift */; };
		188CA1442528933000C26F55 /* Status.swift in Sources */ = {isa = PBXBuildFile; fileRef = 188CA1432528933000C26F55 /* Status.swift */; };
		188CA14A2528934500C26F55 /* Rank.swift in Sources */ = {isa = PBXBuildFile; fileRef = 188CA1492528934500C26F55 /* Rank.swift */; };
		188CA14E2528935600C26F55 /* Duration.swift in Sources */ = {isa = PBXBuildFile; fileRef = 188CA14D2528935600C26F55 /* Duration.swift */; };
		188CA152252893BF00C26F55 /* EdiblePart.swift in Sources */ = {isa = PBXBuildFile; fileRef = 188CA151252893BF00C26F55 /* EdiblePart.swift */; };
		188CA156252893D600C26F55 /* LigneousType.swift in Sources */ = {isa = PBXBuildFile; fileRef = 188CA155252893D600C26F55 /* LigneousType.swift */; };
		188CA15A252893E900C26F55 /* Toxicity.swift in Sources */ = {isa = PBXBuildFile; fileRef = 188CA159252893E900C26F55 /* Toxicity.swift */; };
		188CA15E2528940600C26F55 /* Month.swift in Sources */ = {isa = PBXBuildFile; fileRef = 188CA15D2528940600C26F55 /* Month.swift */; };
		188CA1622528941200C26F55 /* Color.swift in Sources */ = {isa = PBXBuildFile; fileRef = 188CA1612528941200C26F55 /* Color.swift */; };
		188CA1662528942600C26F55 /* Texture.swift in Sources */ = {isa = PBXBuildFile; fileRef = 188CA1652528942600C26F55 /* Texture.swift */; };
		18C3D77A25260B69006B6413 /* Order.swift in Sources */ = {isa = PBXBuildFile; fileRef = 18C3D77925260B69006B6413 /* Order.swift */; };
		18C3D77E2526636F006B6413 /* Images.swift in Sources */ = {isa = PBXBuildFile; fileRef = 18C3D77D2526636F006B6413 /* Images.swift */; };
		18C3D78225266BC9006B6413 /* Synonym.swift in Sources */ = {isa = PBXBuildFile; fileRef = 18C3D78125266BC9006B6413 /* Synonym.swift */; };
		18C3D78625267496006B6413 /* Distribution.swift in Sources */ = {isa = PBXBuildFile; fileRef = 18C3D78525267496006B6413 /* Distribution.swift */; };
		18C3D78A252674FE006B6413 /* Zone.swift in Sources */ = {isa = PBXBuildFile; fileRef = 18C3D789252674FE006B6413 /* Zone.swift */; };
		18C3D78E2527A9F3006B6413 /* SpeciesRef.swift in Sources */ = {isa = PBXBuildFile; fileRef = 18C3D78D2527A9F3006B6413 /* SpeciesRef.swift */; };
		18D117F4252B953E0004DC72 /* DivisionClasses.swift in Sources */ = {isa = PBXBuildFile; fileRef = 18D117F3252B953E0004DC72 /* DivisionClasses.swift */; };
		18D117FA252B976B0004DC72 /* DivisionClassesTests.swift in Sources */ = {isa = PBXBuildFile; fileRef = 18D117F9252B976B0004DC72 /* DivisionClassesTests.swift */; };
		18D11800252B9D210004DC72 /* DivisionOrders.swift in Sources */ = {isa = PBXBuildFile; fileRef = 18D117FF252B9D210004DC72 /* DivisionOrders.swift */; };
		18D11804252B9E1F0004DC72 /* DivisionOrdersTests.swift in Sources */ = {isa = PBXBuildFile; fileRef = 18D11803252B9E1F0004DC72 /* DivisionOrdersTests.swift */; };
		18D11808252B9FD20004DC72 /* Families.swift in Sources */ = {isa = PBXBuildFile; fileRef = 18D11807252B9FD20004DC72 /* Families.swift */; };
		18D1180C252BA1A90004DC72 /* FamiliesTests.swift in Sources */ = {isa = PBXBuildFile; fileRef = 18D1180B252BA1A90004DC72 /* FamiliesTests.swift */; };
		18DF92662454D9800034A058 /* PlantRefsOperation.swift in Sources */ = {isa = PBXBuildFile; fileRef = 18DF92652454D9800034A058 /* PlantRefsOperation.swift */; };
		18E787E7245623B80064F78D /* Plant.swift in Sources */ = {isa = PBXBuildFile; fileRef = 18E787E6245623B80064F78D /* Plant.swift */; };
		18E787EA2456278F0064F78D /* ImageRef.swift in Sources */ = {isa = PBXBuildFile; fileRef = 18E787E92456278F0064F78D /* ImageRef.swift */; };
		18E787F224562BAF0064F78D /* Kingdom.swift in Sources */ = {isa = PBXBuildFile; fileRef = 18E787F124562BAF0064F78D /* Kingdom.swift */; };
		18E787F424562C700064F78D /* SubkingdomRef.swift in Sources */ = {isa = PBXBuildFile; fileRef = 18E787F324562C700064F78D /* SubkingdomRef.swift */; };
		18E787F624562C760064F78D /* Subkingdom.swift in Sources */ = {isa = PBXBuildFile; fileRef = 18E787F524562C760064F78D /* Subkingdom.swift */; };
		18E787F824562CB00064F78D /* KingdomRef.swift in Sources */ = {isa = PBXBuildFile; fileRef = 18E787F724562CB00064F78D /* KingdomRef.swift */; };
		18E787FC24562E050064F78D /* DivisionRef.swift in Sources */ = {isa = PBXBuildFile; fileRef = 18E787FB24562E050064F78D /* DivisionRef.swift */; };
		18E787FE24562E560064F78D /* Division.swift in Sources */ = {isa = PBXBuildFile; fileRef = 18E787FD24562E560064F78D /* Division.swift */; };
		18E7880124562F4B0064F78D /* DivisionClassRef.swift in Sources */ = {isa = PBXBuildFile; fileRef = 18E787FF24562F4B0064F78D /* DivisionClassRef.swift */; };
		18E7880224562F4B0064F78D /* DivisionOrderRef.swift in Sources */ = {isa = PBXBuildFile; fileRef = 18E7880024562F4B0064F78D /* DivisionOrderRef.swift */; };
		18E7880424562F530064F78D /* DivisionClass.swift in Sources */ = {isa = PBXBuildFile; fileRef = 18E7880324562F530064F78D /* DivisionClass.swift */; };
		18E7880624562F5B0064F78D /* DivisionOrder.swift in Sources */ = {isa = PBXBuildFile; fileRef = 18E7880524562F5B0064F78D /* DivisionOrder.swift */; };
		18E78808245630C20064F78D /* FamilyRef.swift in Sources */ = {isa = PBXBuildFile; fileRef = 18E78807245630C20064F78D /* FamilyRef.swift */; };
		18E7880A245630C70064F78D /* Family.swift in Sources */ = {isa = PBXBuildFile; fileRef = 18E78809245630C70064F78D /* Family.swift */; };
		18E7880E245631FB0064F78D /* Genus.swift in Sources */ = {isa = PBXBuildFile; fileRef = 18E7880D245631FB0064F78D /* Genus.swift */; };
		18E78810245635350064F78D /* Species.swift in Sources */ = {isa = PBXBuildFile; fileRef = 18E7880F245635350064F78D /* Species.swift */; };
		18E7881224563AA80064F78D /* GenusRef.swift in Sources */ = {isa = PBXBuildFile; fileRef = 18E7881124563AA80064F78D /* GenusRef.swift */; };
		18E788142456F0AB0064F78D /* Specification.swift in Sources */ = {isa = PBXBuildFile; fileRef = 18E788132456F0AB0064F78D /* Specification.swift */; };
		18E788182456F4400064F78D /* Source.swift in Sources */ = {isa = PBXBuildFile; fileRef = 18E788172456F4400064F78D /* Source.swift */; };
		18E78820245768EC0064F78D /* Flower.swift in Sources */ = {isa = PBXBuildFile; fileRef = 18E7881F245768EC0064F78D /* Flower.swift */; };
		18E78822245769A00064F78D /* Foliage.swift in Sources */ = {isa = PBXBuildFile; fileRef = 18E78821245769A00064F78D /* Foliage.swift */; };
		18E7882424576B1D0064F78D /* FruitOrSeed.swift in Sources */ = {isa = PBXBuildFile; fileRef = 18E7882324576B1D0064F78D /* FruitOrSeed.swift */; };
		18E7882824576E130064F78D /* Growth.swift in Sources */ = {isa = PBXBuildFile; fileRef = 18E7882724576E130064F78D /* Growth.swift */; };
/* End PBXBuildFile section */

/* Begin PBXContainerItemProxy section */
		1874837B244F0E0F00120F73 /* PBXContainerItemProxy */ = {
			isa = PBXContainerItemProxy;
			containerPortal = 18748367244F0E0E00120F73 /* Project object */;
			proxyType = 1;
			remoteGlobalIDString = 1874836F244F0E0F00120F73;
			remoteInfo = TrefleSwiftSDK;
		};
/* End PBXContainerItemProxy section */

/* Begin PBXFileReference section */
		183B16922529E281007C7A72 /* PlantFilter.swift */ = {isa = PBXFileReference; lastKnownFileType = sourcecode.swift; path = PlantFilter.swift; sourceTree = "<group>"; };
		183B1696252A4D3E007C7A72 /* PlantExclude.swift */ = {isa = PBXFileReference; lastKnownFileType = sourcecode.swift; path = PlantExclude.swift; sourceTree = "<group>"; };
		183B169A252A5271007C7A72 /* PlantSortOrder.swift */ = {isa = PBXFileReference; lastKnownFileType = sourcecode.swift; path = PlantSortOrder.swift; sourceTree = "<group>"; };
		183B169E252A54F2007C7A72 /* PlantRange.swift */ = {isa = PBXFileReference; lastKnownFileType = sourcecode.swift; path = PlantRange.swift; sourceTree = "<group>"; };
		183B16A6252A5877007C7A72 /* Kingdoms.swift */ = {isa = PBXFileReference; lastKnownFileType = sourcecode.swift; path = Kingdoms.swift; sourceTree = "<group>"; };
		183B16AA252A5B1B007C7A72 /* KingdomsTests.swift */ = {isa = PBXFileReference; lastKnownFileType = sourcecode.swift; path = KingdomsTests.swift; sourceTree = "<group>"; };
		183B16B0252A5D56007C7A72 /* Subkingdoms.swift */ = {isa = PBXFileReference; lastKnownFileType = sourcecode.swift; path = Subkingdoms.swift; sourceTree = "<group>"; };
		183B16B4252A5E8C007C7A72 /* SubkingdomsTests.swift */ = {isa = PBXFileReference; lastKnownFileType = sourcecode.swift; path = SubkingdomsTests.swift; sourceTree = "<group>"; };
		183B16C1252A6006007C7A72 /* Divisions.swift */ = {isa = PBXFileReference; lastKnownFileType = sourcecode.swift; path = Divisions.swift; sourceTree = "<group>"; };
		183B16C5252A610D007C7A72 /* DivisionsTests.swift */ = {isa = PBXFileReference; lastKnownFileType = sourcecode.swift; path = DivisionsTests.swift; sourceTree = "<group>"; };
		184BB2C524E5E1D6007DED03 /* Response.swift */ = {isa = PBXFileReference; fileEncoding = 4; lastKnownFileType = sourcecode.swift; path = Response.swift; sourceTree = "<group>"; };
		186105B8244F1332008A863B /* TestConfig.swift */ = {isa = PBXFileReference; fileEncoding = 4; lastKnownFileType = sourcecode.swift; path = TestConfig.swift; sourceTree = "<group>"; };
		186105B9244F1332008A863B /* TestConfig.json */ = {isa = PBXFileReference; fileEncoding = 4; lastKnownFileType = text.json; path = TestConfig.json; sourceTree = "<group>"; };
		186105BE244F14BF008A863B /* Trefle.swift */ = {isa = PBXFileReference; lastKnownFileType = sourcecode.swift; path = Trefle.swift; sourceTree = "<group>"; };
		186105C1244F1AD1008A863B /* KeychainPasswordItem.swift */ = {isa = PBXFileReference; fileEncoding = 4; lastKnownFileType = sourcecode.swift; path = KeychainPasswordItem.swift; sourceTree = "<group>"; };
		186105C3244F1B92008A863B /* Authentication.swift */ = {isa = PBXFileReference; lastKnownFileType = sourcecode.swift; path = Authentication.swift; sourceTree = "<group>"; };
		186105C6244F1C45008A863B /* JWTState.swift */ = {isa = PBXFileReference; lastKnownFileType = sourcecode.swift; path = JWTState.swift; sourceTree = "<group>"; };
		186105C8244F21F0008A863B /* TrefleError.swift */ = {isa = PBXFileReference; fileEncoding = 4; lastKnownFileType = sourcecode.swift; path = TrefleError.swift; sourceTree = "<group>"; };
		186105CB244F8C1E008A863B /* JSONDecoderExtensions.swift */ = {isa = PBXFileReference; fileEncoding = 4; lastKnownFileType = sourcecode.swift; path = JSONDecoderExtensions.swift; sourceTree = "<group>"; };
		186105CC244F8C1E008A863B /* URLRequestExtensions.swift */ = {isa = PBXFileReference; fileEncoding = 4; lastKnownFileType = sourcecode.swift; path = URLRequestExtensions.swift; sourceTree = "<group>"; };
		186105CF24507687008A863B /* Plants.swift */ = {isa = PBXFileReference; lastKnownFileType = sourcecode.swift; path = Plants.swift; sourceTree = "<group>"; };
		186105D224507C37008A863B /* PlantRef.swift */ = {isa = PBXFileReference; lastKnownFileType = sourcecode.swift; path = PlantRef.swift; sourceTree = "<group>"; };
		186105D42450D01A008A863B /* PlantsTests.swift */ = {isa = PBXFileReference; lastKnownFileType = sourcecode.swift; path = PlantsTests.swift; sourceTree = "<group>"; };
		18748370244F0E0F00120F73 /* TrefleSwiftSDK.framework */ = {isa = PBXFileReference; explicitFileType = wrapper.framework; includeInIndex = 0; path = TrefleSwiftSDK.framework; sourceTree = BUILT_PRODUCTS_DIR; };
		18748373244F0E0F00120F73 /* TrefleSwiftSDK.h */ = {isa = PBXFileReference; lastKnownFileType = sourcecode.c.h; path = TrefleSwiftSDK.h; sourceTree = "<group>"; };
		18748374244F0E0F00120F73 /* Info.plist */ = {isa = PBXFileReference; lastKnownFileType = text.plist.xml; path = Info.plist; sourceTree = "<group>"; };
		18748379244F0E0F00120F73 /* TrefleSwiftSDKTests.xctest */ = {isa = PBXFileReference; explicitFileType = wrapper.cfbundle; includeInIndex = 0; path = TrefleSwiftSDKTests.xctest; sourceTree = BUILT_PRODUCTS_DIR; };
		1874837E244F0E0F00120F73 /* TrefleAuthTests.swift */ = {isa = PBXFileReference; lastKnownFileType = sourcecode.swift; path = TrefleAuthTests.swift; sourceTree = "<group>"; };
		18748380244F0E0F00120F73 /* Info.plist */ = {isa = PBXFileReference; lastKnownFileType = text.plist.xml; path = Info.plist; sourceTree = "<group>"; };
		1874838B244F100C00120F73 /* Package.swift */ = {isa = PBXFileReference; fileEncoding = 4; lastKnownFileType = sourcecode.swift; path = Package.swift; sourceTree = "<group>"; };
		1874838D244F104A00120F73 /* README.md */ = {isa = PBXFileReference; lastKnownFileType = net.daringfireball.markdown; path = README.md; sourceTree = "<group>"; };
		1874838E244F104A00120F73 /* TrefleSwiftSDK.podspec */ = {isa = PBXFileReference; lastKnownFileType = text; path = TrefleSwiftSDK.podspec; sourceTree = "<group>"; };
		187A8FA124E704390021B640 /* Links.swift */ = {isa = PBXFileReference; lastKnownFileType = sourcecode.swift; path = Links.swift; sourceTree = "<group>"; };
		187A8FA324E704510021B640 /* Metadata.swift */ = {isa = PBXFileReference; lastKnownFileType = sourcecode.swift; path = Metadata.swift; sourceTree = "<group>"; };
		188CA1432528933000C26F55 /* Status.swift */ = {isa = PBXFileReference; lastKnownFileType = sourcecode.swift; path = Status.swift; sourceTree = "<group>"; };
		188CA1492528934500C26F55 /* Rank.swift */ = {isa = PBXFileReference; lastKnownFileType = sourcecode.swift; path = Rank.swift; sourceTree = "<group>"; };
		188CA14D2528935600C26F55 /* Duration.swift */ = {isa = PBXFileReference; lastKnownFileType = sourcecode.swift; path = Duration.swift; sourceTree = "<group>"; };
		188CA151252893BF00C26F55 /* EdiblePart.swift */ = {isa = PBXFileReference; lastKnownFileType = sourcecode.swift; path = EdiblePart.swift; sourceTree = "<group>"; };
		188CA155252893D600C26F55 /* LigneousType.swift */ = {isa = PBXFileReference; lastKnownFileType = sourcecode.swift; path = LigneousType.swift; sourceTree = "<group>"; };
		188CA159252893E900C26F55 /* Toxicity.swift */ = {isa = PBXFileReference; lastKnownFileType = sourcecode.swift; path = Toxicity.swift; sourceTree = "<group>"; };
		188CA15D2528940600C26F55 /* Month.swift */ = {isa = PBXFileReference; lastKnownFileType = sourcecode.swift; path = Month.swift; sourceTree = "<group>"; };
		188CA1612528941200C26F55 /* Color.swift */ = {isa = PBXFileReference; lastKnownFileType = sourcecode.swift; path = Color.swift; sourceTree = "<group>"; };
		188CA1652528942600C26F55 /* Texture.swift */ = {isa = PBXFileReference; lastKnownFileType = sourcecode.swift; path = Texture.swift; sourceTree = "<group>"; };
		18C3D77925260B69006B6413 /* Order.swift */ = {isa = PBXFileReference; lastKnownFileType = sourcecode.swift; path = Order.swift; sourceTree = "<group>"; };
		18C3D77D2526636F006B6413 /* Images.swift */ = {isa = PBXFileReference; lastKnownFileType = sourcecode.swift; path = Images.swift; sourceTree = "<group>"; };
		18C3D78125266BC9006B6413 /* Synonym.swift */ = {isa = PBXFileReference; lastKnownFileType = sourcecode.swift; path = Synonym.swift; sourceTree = "<group>"; };
		18C3D78525267496006B6413 /* Distribution.swift */ = {isa = PBXFileReference; lastKnownFileType = sourcecode.swift; path = Distribution.swift; sourceTree = "<group>"; };
		18C3D789252674FE006B6413 /* Zone.swift */ = {isa = PBXFileReference; lastKnownFileType = sourcecode.swift; path = Zone.swift; sourceTree = "<group>"; };
		18C3D78D2527A9F3006B6413 /* SpeciesRef.swift */ = {isa = PBXFileReference; lastKnownFileType = sourcecode.swift; path = SpeciesRef.swift; sourceTree = "<group>"; };
		18D117F3252B953E0004DC72 /* DivisionClasses.swift */ = {isa = PBXFileReference; lastKnownFileType = sourcecode.swift; path = DivisionClasses.swift; sourceTree = "<group>"; };
		18D117F9252B976B0004DC72 /* DivisionClassesTests.swift */ = {isa = PBXFileReference; lastKnownFileType = sourcecode.swift; path = DivisionClassesTests.swift; sourceTree = "<group>"; };
		18D117FF252B9D210004DC72 /* DivisionOrders.swift */ = {isa = PBXFileReference; lastKnownFileType = sourcecode.swift; path = DivisionOrders.swift; sourceTree = "<group>"; };
		18D11803252B9E1F0004DC72 /* DivisionOrdersTests.swift */ = {isa = PBXFileReference; lastKnownFileType = sourcecode.swift; path = DivisionOrdersTests.swift; sourceTree = "<group>"; };
		18D11807252B9FD20004DC72 /* Families.swift */ = {isa = PBXFileReference; lastKnownFileType = sourcecode.swift; path = Families.swift; sourceTree = "<group>"; };
		18D1180B252BA1A90004DC72 /* FamiliesTests.swift */ = {isa = PBXFileReference; lastKnownFileType = sourcecode.swift; path = FamiliesTests.swift; sourceTree = "<group>"; };
		18DF92652454D9800034A058 /* PlantRefsOperation.swift */ = {isa = PBXFileReference; lastKnownFileType = sourcecode.swift; path = PlantRefsOperation.swift; sourceTree = "<group>"; };
		18E787E6245623B80064F78D /* Plant.swift */ = {isa = PBXFileReference; lastKnownFileType = sourcecode.swift; path = Plant.swift; sourceTree = "<group>"; };
		18E787E92456278F0064F78D /* ImageRef.swift */ = {isa = PBXFileReference; lastKnownFileType = sourcecode.swift; path = ImageRef.swift; sourceTree = "<group>"; };
		18E787F124562BAF0064F78D /* Kingdom.swift */ = {isa = PBXFileReference; lastKnownFileType = sourcecode.swift; path = Kingdom.swift; sourceTree = "<group>"; };
		18E787F324562C700064F78D /* SubkingdomRef.swift */ = {isa = PBXFileReference; lastKnownFileType = sourcecode.swift; path = SubkingdomRef.swift; sourceTree = "<group>"; };
		18E787F524562C760064F78D /* Subkingdom.swift */ = {isa = PBXFileReference; lastKnownFileType = sourcecode.swift; path = Subkingdom.swift; sourceTree = "<group>"; };
		18E787F724562CB00064F78D /* KingdomRef.swift */ = {isa = PBXFileReference; fileEncoding = 4; lastKnownFileType = sourcecode.swift; path = KingdomRef.swift; sourceTree = "<group>"; };
		18E787FB24562E050064F78D /* DivisionRef.swift */ = {isa = PBXFileReference; fileEncoding = 4; lastKnownFileType = sourcecode.swift; path = DivisionRef.swift; sourceTree = "<group>"; };
		18E787FD24562E560064F78D /* Division.swift */ = {isa = PBXFileReference; lastKnownFileType = sourcecode.swift; path = Division.swift; sourceTree = "<group>"; };
		18E787FF24562F4B0064F78D /* DivisionClassRef.swift */ = {isa = PBXFileReference; fileEncoding = 4; lastKnownFileType = sourcecode.swift; path = DivisionClassRef.swift; sourceTree = "<group>"; };
		18E7880024562F4B0064F78D /* DivisionOrderRef.swift */ = {isa = PBXFileReference; fileEncoding = 4; lastKnownFileType = sourcecode.swift; path = DivisionOrderRef.swift; sourceTree = "<group>"; };
		18E7880324562F530064F78D /* DivisionClass.swift */ = {isa = PBXFileReference; lastKnownFileType = sourcecode.swift; path = DivisionClass.swift; sourceTree = "<group>"; };
		18E7880524562F5B0064F78D /* DivisionOrder.swift */ = {isa = PBXFileReference; lastKnownFileType = sourcecode.swift; path = DivisionOrder.swift; sourceTree = "<group>"; };
		18E78807245630C20064F78D /* FamilyRef.swift */ = {isa = PBXFileReference; lastKnownFileType = sourcecode.swift; path = FamilyRef.swift; sourceTree = "<group>"; };
		18E78809245630C70064F78D /* Family.swift */ = {isa = PBXFileReference; lastKnownFileType = sourcecode.swift; path = Family.swift; sourceTree = "<group>"; };
		18E7880D245631FB0064F78D /* Genus.swift */ = {isa = PBXFileReference; lastKnownFileType = sourcecode.swift; path = Genus.swift; sourceTree = "<group>"; };
		18E7880F245635350064F78D /* Species.swift */ = {isa = PBXFileReference; lastKnownFileType = sourcecode.swift; path = Species.swift; sourceTree = "<group>"; };
		18E7881124563AA80064F78D /* GenusRef.swift */ = {isa = PBXFileReference; lastKnownFileType = sourcecode.swift; path = GenusRef.swift; sourceTree = "<group>"; };
		18E788132456F0AB0064F78D /* Specification.swift */ = {isa = PBXFileReference; lastKnownFileType = sourcecode.swift; path = Specification.swift; sourceTree = "<group>"; };
		18E788172456F4400064F78D /* Source.swift */ = {isa = PBXFileReference; lastKnownFileType = sourcecode.swift; path = Source.swift; sourceTree = "<group>"; };
		18E7881F245768EC0064F78D /* Flower.swift */ = {isa = PBXFileReference; lastKnownFileType = sourcecode.swift; path = Flower.swift; sourceTree = "<group>"; };
		18E78821245769A00064F78D /* Foliage.swift */ = {isa = PBXFileReference; lastKnownFileType = sourcecode.swift; path = Foliage.swift; sourceTree = "<group>"; };
		18E7882324576B1D0064F78D /* FruitOrSeed.swift */ = {isa = PBXFileReference; lastKnownFileType = sourcecode.swift; path = FruitOrSeed.swift; sourceTree = "<group>"; };
		18E7882724576E130064F78D /* Growth.swift */ = {isa = PBXFileReference; lastKnownFileType = sourcecode.swift; path = Growth.swift; sourceTree = "<group>"; };
/* End PBXFileReference section */

/* Begin PBXFrameworksBuildPhase section */
		1874836D244F0E0F00120F73 /* Frameworks */ = {
			isa = PBXFrameworksBuildPhase;
			buildActionMask = 2147483647;
			files = (
			);
			runOnlyForDeploymentPostprocessing = 0;
		};
		18748376244F0E0F00120F73 /* Frameworks */ = {
			isa = PBXFrameworksBuildPhase;
			buildActionMask = 2147483647;
			files = (
				1874837A244F0E0F00120F73 /* TrefleSwiftSDK.framework in Frameworks */,
			);
			runOnlyForDeploymentPostprocessing = 0;
		};
/* End PBXFrameworksBuildPhase section */

/* Begin PBXGroup section */
		183B16BB252A5F7D007C7A72 /* Plants */ = {
			isa = PBXGroup;
			children = (
				183B16922529E281007C7A72 /* PlantFilter.swift */,
				183B1696252A4D3E007C7A72 /* PlantExclude.swift */,
				183B169A252A5271007C7A72 /* PlantSortOrder.swift */,
				183B169E252A54F2007C7A72 /* PlantRange.swift */,
			);
			path = Plants;
			sourceTree = "<group>";
		};
		186105B7244F1332008A863B /* Test Config */ = {
			isa = PBXGroup;
			children = (
				186105B9244F1332008A863B /* TestConfig.json */,
				186105B8244F1332008A863B /* TestConfig.swift */,
			);
			path = "Test Config";
			sourceTree = "<group>";
		};
		186105BC244F140C008A863B /* Manager */ = {
			isa = PBXGroup;
			children = (
				186105BE244F14BF008A863B /* Trefle.swift */,
				186105C3244F1B92008A863B /* Authentication.swift */,
				183B16A6252A5877007C7A72 /* Kingdoms.swift */,
				183B16B0252A5D56007C7A72 /* Subkingdoms.swift */,
				183B16C1252A6006007C7A72 /* Divisions.swift */,
				18D117F3252B953E0004DC72 /* DivisionClasses.swift */,
				18D117FF252B9D210004DC72 /* DivisionOrders.swift */,
				18D11807252B9FD20004DC72 /* Families.swift */,
				186105CF24507687008A863B /* Plants.swift */,
				186105C8244F21F0008A863B /* TrefleError.swift */,
			);
			path = Manager;
			sourceTree = "<group>";
		};
		186105BD244F1416008A863B /* Models */ = {
			isa = PBXGroup;
			children = (
				186105C5244F1C3D008A863B /* Authentication */,
				186105D62450DCC2008A863B /* Base */,
				18E787EB24562B1E0064F78D /* Kingdoms */,
				18E787EC24562B260064F78D /* Subkingdoms */,
				18E787ED24562B470064F78D /* Divisions */,
				18E787EE24562B550064F78D /* Families */,
				18E787EF24562B600064F78D /* Genuses */,
				186105D124507C2A008A863B /* Plants */,
				18E787F024562B6D0064F78D /* Species */,
				18E787E8245627750064F78D /* Image */,
				188CA1422528931500C26F55 /* Types */,
			);
			path = Models;
			sourceTree = "<group>";
		};
		186105C0244F1AD1008A863B /* Helpers */ = {
			isa = PBXGroup;
			children = (
				186105C1244F1AD1008A863B /* KeychainPasswordItem.swift */,
			);
			path = Helpers;
			sourceTree = "<group>";
		};
		186105C5244F1C3D008A863B /* Authentication */ = {
			isa = PBXGroup;
			children = (
				186105C6244F1C45008A863B /* JWTState.swift */,
			);
			path = Authentication;
			sourceTree = "<group>";
		};
		186105CA244F8C1E008A863B /* Extensions */ = {
			isa = PBXGroup;
			children = (
				186105CC244F8C1E008A863B /* URLRequestExtensions.swift */,
				186105CB244F8C1E008A863B /* JSONDecoderExtensions.swift */,
			);
			path = Extensions;
			sourceTree = "<group>";
		};
		186105D124507C2A008A863B /* Plants */ = {
			isa = PBXGroup;
			children = (
				186105D224507C37008A863B /* PlantRef.swift */,
				18E787E6245623B80064F78D /* Plant.swift */,
			);
			path = Plants;
			sourceTree = "<group>";
		};
		186105D62450DCC2008A863B /* Base */ = {
			isa = PBXGroup;
			children = (
				184BB2C524E5E1D6007DED03 /* Response.swift */,
				187A8FA124E704390021B640 /* Links.swift */,
				187A8FA324E704510021B640 /* Metadata.swift */,
				18C3D77925260B69006B6413 /* Order.swift */,
			);
			path = Base;
			sourceTree = "<group>";
		};
		18748366244F0E0E00120F73 = {
			isa = PBXGroup;
			children = (
				1874838D244F104A00120F73 /* README.md */,
				1874838B244F100C00120F73 /* Package.swift */,
				1874838E244F104A00120F73 /* TrefleSwiftSDK.podspec */,
				18748372244F0E0F00120F73 /* Source */,
				1874837D244F0E0F00120F73 /* Tests */,
				18748371244F0E0F00120F73 /* Products */,
			);
			sourceTree = "<group>";
		};
		18748371244F0E0F00120F73 /* Products */ = {
			isa = PBXGroup;
			children = (
				18748370244F0E0F00120F73 /* TrefleSwiftSDK.framework */,
				18748379244F0E0F00120F73 /* TrefleSwiftSDKTests.xctest */,
			);
			name = Products;
			sourceTree = "<group>";
		};
		18748372244F0E0F00120F73 /* Source */ = {
			isa = PBXGroup;
			children = (
				18748373244F0E0F00120F73 /* TrefleSwiftSDK.h */,
				186105BC244F140C008A863B /* Manager */,
				186105BD244F1416008A863B /* Models */,
				18DF92632454D94B0034A058 /* Operations */,
				186105C0244F1AD1008A863B /* Helpers */,
				186105CA244F8C1E008A863B /* Extensions */,
				18748374244F0E0F00120F73 /* Info.plist */,
			);
			path = Source;
			sourceTree = "<group>";
		};
		1874837D244F0E0F00120F73 /* Tests */ = {
			isa = PBXGroup;
			children = (
				186105B7244F1332008A863B /* Test Config */,
				1874837E244F0E0F00120F73 /* TrefleAuthTests.swift */,
				183B16AA252A5B1B007C7A72 /* KingdomsTests.swift */,
				183B16B4252A5E8C007C7A72 /* SubkingdomsTests.swift */,
				183B16C5252A610D007C7A72 /* DivisionsTests.swift */,
				18D117F9252B976B0004DC72 /* DivisionClassesTests.swift */,
				18D11803252B9E1F0004DC72 /* DivisionOrdersTests.swift */,
				18D1180B252BA1A90004DC72 /* FamiliesTests.swift */,
				186105D42450D01A008A863B /* PlantsTests.swift */,
				18748380244F0E0F00120F73 /* Info.plist */,
			);
			path = Tests;
			sourceTree = "<group>";
		};
		188CA1422528931500C26F55 /* Types */ = {
			isa = PBXGroup;
			children = (
				188CA1432528933000C26F55 /* Status.swift */,
				188CA1492528934500C26F55 /* Rank.swift */,
				188CA14D2528935600C26F55 /* Duration.swift */,
				188CA151252893BF00C26F55 /* EdiblePart.swift */,
				188CA155252893D600C26F55 /* LigneousType.swift */,
				188CA159252893E900C26F55 /* Toxicity.swift */,
				188CA15D2528940600C26F55 /* Month.swift */,
				188CA1612528941200C26F55 /* Color.swift */,
				188CA1652528942600C26F55 /* Texture.swift */,
				183B16BB252A5F7D007C7A72 /* Plants */,
			);
			path = Types;
			sourceTree = "<group>";
		};
		18DF92632454D94B0034A058 /* Operations */ = {
			isa = PBXGroup;
			children = (
				18DF92642454D9640034A058 /* Plants */,
			);
			path = Operations;
			sourceTree = "<group>";
		};
		18DF92642454D9640034A058 /* Plants */ = {
			isa = PBXGroup;
			children = (
				18DF92652454D9800034A058 /* PlantRefsOperation.swift */,
			);
			path = Plants;
			sourceTree = "<group>";
		};
		18E787E8245627750064F78D /* Image */ = {
			isa = PBXGroup;
			children = (
				18C3D77D2526636F006B6413 /* Images.swift */,
				18E787E92456278F0064F78D /* ImageRef.swift */,
			);
			path = Image;
			sourceTree = "<group>";
		};
		18E787EB24562B1E0064F78D /* Kingdoms */ = {
			isa = PBXGroup;
			children = (
				18E787F724562CB00064F78D /* KingdomRef.swift */,
				18E787F124562BAF0064F78D /* Kingdom.swift */,
			);
			path = Kingdoms;
			sourceTree = "<group>";
		};
		18E787EC24562B260064F78D /* Subkingdoms */ = {
			isa = PBXGroup;
			children = (
				18E787F324562C700064F78D /* SubkingdomRef.swift */,
				18E787F524562C760064F78D /* Subkingdom.swift */,
			);
			path = Subkingdoms;
			sourceTree = "<group>";
		};
		18E787ED24562B470064F78D /* Divisions */ = {
			isa = PBXGroup;
			children = (
				18E787FB24562E050064F78D /* DivisionRef.swift */,
				18E787FD24562E560064F78D /* Division.swift */,
				18E787FF24562F4B0064F78D /* DivisionClassRef.swift */,
				18E7880324562F530064F78D /* DivisionClass.swift */,
				18E7880024562F4B0064F78D /* DivisionOrderRef.swift */,
				18E7880524562F5B0064F78D /* DivisionOrder.swift */,
			);
			path = Divisions;
			sourceTree = "<group>";
		};
		18E787EE24562B550064F78D /* Families */ = {
			isa = PBXGroup;
			children = (
				18E78807245630C20064F78D /* FamilyRef.swift */,
				18E78809245630C70064F78D /* Family.swift */,
			);
			path = Families;
			sourceTree = "<group>";
		};
		18E787EF24562B600064F78D /* Genuses */ = {
			isa = PBXGroup;
			children = (
				18E7881124563AA80064F78D /* GenusRef.swift */,
				18E7880D245631FB0064F78D /* Genus.swift */,
			);
			path = Genuses;
			sourceTree = "<group>";
		};
		18E787F024562B6D0064F78D /* Species */ = {
			isa = PBXGroup;
			children = (
				18C3D78D2527A9F3006B6413 /* SpeciesRef.swift */,
				18E7880F245635350064F78D /* Species.swift */,
				18E788132456F0AB0064F78D /* Specification.swift */,
				18E788172456F4400064F78D /* Source.swift */,
				18E7882724576E130064F78D /* Growth.swift */,
				18E7882324576B1D0064F78D /* FruitOrSeed.swift */,
				18E78821245769A00064F78D /* Foliage.swift */,
				18E7881F245768EC0064F78D /* Flower.swift */,
				18C3D78125266BC9006B6413 /* Synonym.swift */,
				18C3D78525267496006B6413 /* Distribution.swift */,
				18C3D789252674FE006B6413 /* Zone.swift */,
			);
			path = Species;
			sourceTree = "<group>";
		};
/* End PBXGroup section */

/* Begin PBXHeadersBuildPhase section */
		1874836B244F0E0F00120F73 /* Headers */ = {
			isa = PBXHeadersBuildPhase;
			buildActionMask = 2147483647;
			files = (
				18748381244F0E0F00120F73 /* TrefleSwiftSDK.h in Headers */,
			);
			runOnlyForDeploymentPostprocessing = 0;
		};
/* End PBXHeadersBuildPhase section */

/* Begin PBXNativeTarget section */
		1874836F244F0E0F00120F73 /* TrefleSwiftSDK */ = {
			isa = PBXNativeTarget;
			buildConfigurationList = 18748384244F0E0F00120F73 /* Build configuration list for PBXNativeTarget "TrefleSwiftSDK" */;
			buildPhases = (
				1874836B244F0E0F00120F73 /* Headers */,
				1874836C244F0E0F00120F73 /* Sources */,
				1874836D244F0E0F00120F73 /* Frameworks */,
				1874836E244F0E0F00120F73 /* Resources */,
				1874838A244F0F7000120F73 /* SwiftLint Run Script */,
			);
			buildRules = (
			);
			dependencies = (
			);
			name = TrefleSwiftSDK;
			productName = TrefleSwiftSDK;
			productReference = 18748370244F0E0F00120F73 /* TrefleSwiftSDK.framework */;
			productType = "com.apple.product-type.framework";
		};
		18748378244F0E0F00120F73 /* TrefleSwiftSDKTests */ = {
			isa = PBXNativeTarget;
			buildConfigurationList = 18748387244F0E0F00120F73 /* Build configuration list for PBXNativeTarget "TrefleSwiftSDKTests" */;
			buildPhases = (
				18748375244F0E0F00120F73 /* Sources */,
				18748376244F0E0F00120F73 /* Frameworks */,
				18748377244F0E0F00120F73 /* Resources */,
			);
			buildRules = (
			);
			dependencies = (
				1874837C244F0E0F00120F73 /* PBXTargetDependency */,
			);
			name = TrefleSwiftSDKTests;
			productName = TrefleSwiftSDKTests;
			productReference = 18748379244F0E0F00120F73 /* TrefleSwiftSDKTests.xctest */;
			productType = "com.apple.product-type.bundle.unit-test";
		};
/* End PBXNativeTarget section */

/* Begin PBXProject section */
		18748367244F0E0E00120F73 /* Project object */ = {
			isa = PBXProject;
			attributes = {
				LastSwiftUpdateCheck = 1140;
				LastUpgradeCheck = 1200;
				ORGANIZATIONNAME = "Pig on a Hill Productions";
				TargetAttributes = {
					1874836F244F0E0F00120F73 = {
						CreatedOnToolsVersion = 11.4.1;
						LastSwiftMigration = 1140;
					};
					18748378244F0E0F00120F73 = {
						CreatedOnToolsVersion = 11.4.1;
					};
				};
			};
			buildConfigurationList = 1874836A244F0E0E00120F73 /* Build configuration list for PBXProject "TrefleSwiftSDK" */;
			compatibilityVersion = "Xcode 9.3";
			developmentRegion = en;
			hasScannedForEncodings = 0;
			knownRegions = (
				en,
				Base,
			);
			mainGroup = 18748366244F0E0E00120F73;
			productRefGroup = 18748371244F0E0F00120F73 /* Products */;
			projectDirPath = "";
			projectRoot = "";
			targets = (
				1874836F244F0E0F00120F73 /* TrefleSwiftSDK */,
				18748378244F0E0F00120F73 /* TrefleSwiftSDKTests */,
			);
		};
/* End PBXProject section */

/* Begin PBXResourcesBuildPhase section */
		1874836E244F0E0F00120F73 /* Resources */ = {
			isa = PBXResourcesBuildPhase;
			buildActionMask = 2147483647;
			files = (
			);
			runOnlyForDeploymentPostprocessing = 0;
		};
		18748377244F0E0F00120F73 /* Resources */ = {
			isa = PBXResourcesBuildPhase;
			buildActionMask = 2147483647;
			files = (
				186105BB244F1332008A863B /* TestConfig.json in Resources */,
			);
			runOnlyForDeploymentPostprocessing = 0;
		};
/* End PBXResourcesBuildPhase section */

/* Begin PBXShellScriptBuildPhase section */
		1874838A244F0F7000120F73 /* SwiftLint Run Script */ = {
			isa = PBXShellScriptBuildPhase;
			buildActionMask = 2147483647;
			files = (
			);
			inputFileListPaths = (
			);
			inputPaths = (
			);
			name = "SwiftLint Run Script";
			outputFileListPaths = (
			);
			outputPaths = (
			);
			runOnlyForDeploymentPostprocessing = 0;
			shellPath = /bin/sh;
			shellScript = "if [ \"$USER\" != \"xcodeserver\" ]; then\n  if which swiftlint >/dev/null; then\n    swiftlint\n  else\n    echo \"warning: SwiftLint not installed, download from https://github.com/realm/SwiftLint\"\n  fi\nfi\n";
		};
/* End PBXShellScriptBuildPhase section */

/* Begin PBXSourcesBuildPhase section */
		1874836C244F0E0F00120F73 /* Sources */ = {
			isa = PBXSourcesBuildPhase;
			buildActionMask = 2147483647;
			files = (
				18E7880A245630C70064F78D /* Family.swift in Sources */,
				186105C9244F21F0008A863B /* TrefleError.swift in Sources */,
				18E78808245630C20064F78D /* FamilyRef.swift in Sources */,
				18E787E7245623B80064F78D /* Plant.swift in Sources */,
				18E7880224562F4B0064F78D /* DivisionOrderRef.swift in Sources */,
				188CA156252893D600C26F55 /* LigneousType.swift in Sources */,
				18E788182456F4400064F78D /* Source.swift in Sources */,
				183B16B1252A5D56007C7A72 /* Subkingdoms.swift in Sources */,
				18E78820245768EC0064F78D /* Flower.swift in Sources */,
				188CA15E2528940600C26F55 /* Month.swift in Sources */,
				18E7880424562F530064F78D /* DivisionClass.swift in Sources */,
				186105D024507687008A863B /* Plants.swift in Sources */,
				18E787F224562BAF0064F78D /* Kingdom.swift in Sources */,
				18C3D78E2527A9F3006B6413 /* SpeciesRef.swift in Sources */,
				186105CE244F8C1E008A863B /* URLRequestExtensions.swift in Sources */,
				188CA15A252893E900C26F55 /* Toxicity.swift in Sources */,
				186105BF244F14BF008A863B /* Trefle.swift in Sources */,
				18D11808252B9FD20004DC72 /* Families.swift in Sources */,
				186105C2244F1AD1008A863B /* KeychainPasswordItem.swift in Sources */,
				18E7881224563AA80064F78D /* GenusRef.swift in Sources */,
				183B1697252A4D3E007C7A72 /* PlantExclude.swift in Sources */,
				188CA1442528933000C26F55 /* Status.swift in Sources */,
				18C3D78A252674FE006B6413 /* Zone.swift in Sources */,
				187A8FA424E704510021B640 /* Metadata.swift in Sources */,
				18E7882424576B1D0064F78D /* FruitOrSeed.swift in Sources */,
				18DF92662454D9800034A058 /* PlantRefsOperation.swift in Sources */,
				18E787F424562C700064F78D /* SubkingdomRef.swift in Sources */,
				18E7880E245631FB0064F78D /* Genus.swift in Sources */,
				188CA152252893BF00C26F55 /* EdiblePart.swift in Sources */,
				186105C4244F1B92008A863B /* Authentication.swift in Sources */,
				18E78810245635350064F78D /* Species.swift in Sources */,
				18C3D78225266BC9006B6413 /* Synonym.swift in Sources */,
				18E7882824576E130064F78D /* Growth.swift in Sources */,
				18C3D77A25260B69006B6413 /* Order.swift in Sources */,
				18C3D77E2526636F006B6413 /* Images.swift in Sources */,
				183B16C2252A6006007C7A72 /* Divisions.swift in Sources */,
				186105D324507C37008A863B /* PlantRef.swift in Sources */,
				183B16932529E281007C7A72 /* PlantFilter.swift in Sources */,
				18C3D78625267496006B6413 /* Distribution.swift in Sources */,
				183B169B252A5271007C7A72 /* PlantSortOrder.swift in Sources */,
				18D11800252B9D210004DC72 /* DivisionOrders.swift in Sources */,
				184BB2C624E5E1D6007DED03 /* Response.swift in Sources */,
				18E787FE24562E560064F78D /* Division.swift in Sources */,
				183B169F252A54F2007C7A72 /* PlantRange.swift in Sources */,
				188CA1662528942600C26F55 /* Texture.swift in Sources */,
				188CA14E2528935600C26F55 /* Duration.swift in Sources */,
				188CA1622528941200C26F55 /* Color.swift in Sources */,
				188CA14A2528934500C26F55 /* Rank.swift in Sources */,
				18D117F4252B953E0004DC72 /* DivisionClasses.swift in Sources */,
				187A8FA224E704390021B640 /* Links.swift in Sources */,
				186105CD244F8C1E008A863B /* JSONDecoderExtensions.swift in Sources */,
				18E788142456F0AB0064F78D /* Specification.swift in Sources */,
				186105C7244F1C45008A863B /* JWTState.swift in Sources */,
				18E787F824562CB00064F78D /* KingdomRef.swift in Sources */,
				18E787F624562C760064F78D /* Subkingdom.swift in Sources */,
				18E7880624562F5B0064F78D /* DivisionOrder.swift in Sources */,
				18E7880124562F4B0064F78D /* DivisionClassRef.swift in Sources */,
				18E787FC24562E050064F78D /* DivisionRef.swift in Sources */,
				183B16A7252A5877007C7A72 /* Kingdoms.swift in Sources */,
				18E787EA2456278F0064F78D /* ImageRef.swift in Sources */,
				18E78822245769A00064F78D /* Foliage.swift in Sources */,
			);
			runOnlyForDeploymentPostprocessing = 0;
		};
		18748375244F0E0F00120F73 /* Sources */ = {
			isa = PBXSourcesBuildPhase;
			buildActionMask = 2147483647;
			files = (
				183B16B5252A5E8C007C7A72 /* SubkingdomsTests.swift in Sources */,
				18D117FA252B976B0004DC72 /* DivisionClassesTests.swift in Sources */,
				186105D52450D01A008A863B /* PlantsTests.swift in Sources */,
				18D1180C252BA1A90004DC72 /* FamiliesTests.swift in Sources */,
				18D11804252B9E1F0004DC72 /* DivisionOrdersTests.swift in Sources */,
				183B16AB252A5B1C007C7A72 /* KingdomsTests.swift in Sources */,
				1874837F244F0E0F00120F73 /* TrefleAuthTests.swift in Sources */,
				183B16C6252A610D007C7A72 /* DivisionsTests.swift in Sources */,
				186105BA244F1332008A863B /* TestConfig.swift in Sources */,
			);
			runOnlyForDeploymentPostprocessing = 0;
		};
/* End PBXSourcesBuildPhase section */

/* Begin PBXTargetDependency section */
		1874837C244F0E0F00120F73 /* PBXTargetDependency */ = {
			isa = PBXTargetDependency;
			target = 1874836F244F0E0F00120F73 /* TrefleSwiftSDK */;
			targetProxy = 1874837B244F0E0F00120F73 /* PBXContainerItemProxy */;
		};
/* End PBXTargetDependency section */

/* Begin XCBuildConfiguration section */
		18748382244F0E0F00120F73 /* Debug */ = {
			isa = XCBuildConfiguration;
			buildSettings = {
				ALWAYS_SEARCH_USER_PATHS = NO;
				CLANG_ANALYZER_NONNULL = YES;
				CLANG_ANALYZER_NUMBER_OBJECT_CONVERSION = YES_AGGRESSIVE;
				CLANG_CXX_LANGUAGE_STANDARD = "gnu++14";
				CLANG_CXX_LIBRARY = "libc++";
				CLANG_ENABLE_MODULES = YES;
				CLANG_ENABLE_OBJC_ARC = YES;
				CLANG_ENABLE_OBJC_WEAK = YES;
				CLANG_WARN_BLOCK_CAPTURE_AUTORELEASING = YES;
				CLANG_WARN_BOOL_CONVERSION = YES;
				CLANG_WARN_COMMA = YES;
				CLANG_WARN_CONSTANT_CONVERSION = YES;
				CLANG_WARN_DEPRECATED_OBJC_IMPLEMENTATIONS = YES;
				CLANG_WARN_DIRECT_OBJC_ISA_USAGE = YES_ERROR;
				CLANG_WARN_DOCUMENTATION_COMMENTS = YES;
				CLANG_WARN_EMPTY_BODY = YES;
				CLANG_WARN_ENUM_CONVERSION = YES;
				CLANG_WARN_INFINITE_RECURSION = YES;
				CLANG_WARN_INT_CONVERSION = YES;
				CLANG_WARN_NON_LITERAL_NULL_CONVERSION = YES;
				CLANG_WARN_OBJC_IMPLICIT_RETAIN_SELF = YES;
				CLANG_WARN_OBJC_LITERAL_CONVERSION = YES;
				CLANG_WARN_OBJC_ROOT_CLASS = YES_ERROR;
				CLANG_WARN_QUOTED_INCLUDE_IN_FRAMEWORK_HEADER = YES;
				CLANG_WARN_RANGE_LOOP_ANALYSIS = YES;
				CLANG_WARN_STRICT_PROTOTYPES = YES;
				CLANG_WARN_SUSPICIOUS_MOVE = YES;
				CLANG_WARN_UNGUARDED_AVAILABILITY = YES_AGGRESSIVE;
				CLANG_WARN_UNREACHABLE_CODE = YES;
				CLANG_WARN__DUPLICATE_METHOD_MATCH = YES;
				COPY_PHASE_STRIP = NO;
				CURRENT_PROJECT_VERSION = 1;
				DEBUG_INFORMATION_FORMAT = dwarf;
				ENABLE_STRICT_OBJC_MSGSEND = YES;
				ENABLE_TESTABILITY = YES;
				GCC_C_LANGUAGE_STANDARD = gnu11;
				GCC_DYNAMIC_NO_PIC = NO;
				GCC_NO_COMMON_BLOCKS = YES;
				GCC_OPTIMIZATION_LEVEL = 0;
				GCC_PREPROCESSOR_DEFINITIONS = (
					"DEBUG=1",
					"$(inherited)",
				);
				GCC_WARN_64_TO_32_BIT_CONVERSION = YES;
				GCC_WARN_ABOUT_RETURN_TYPE = YES_ERROR;
				GCC_WARN_UNDECLARED_SELECTOR = YES;
				GCC_WARN_UNINITIALIZED_AUTOS = YES_AGGRESSIVE;
				GCC_WARN_UNUSED_FUNCTION = YES;
				GCC_WARN_UNUSED_VARIABLE = YES;
				IPHONEOS_DEPLOYMENT_TARGET = 12.0;
				MTL_ENABLE_DEBUG_INFO = INCLUDE_SOURCE;
				MTL_FAST_MATH = YES;
				ONLY_ACTIVE_ARCH = YES;
				SDKROOT = iphoneos;
				SWIFT_ACTIVE_COMPILATION_CONDITIONS = DEBUG;
				SWIFT_OPTIMIZATION_LEVEL = "-Onone";
				VERSIONING_SYSTEM = "apple-generic";
				VERSION_INFO_PREFIX = "";
			};
			name = Debug;
		};
		18748383244F0E0F00120F73 /* Release */ = {
			isa = XCBuildConfiguration;
			buildSettings = {
				ALWAYS_SEARCH_USER_PATHS = NO;
				CLANG_ANALYZER_NONNULL = YES;
				CLANG_ANALYZER_NUMBER_OBJECT_CONVERSION = YES_AGGRESSIVE;
				CLANG_CXX_LANGUAGE_STANDARD = "gnu++14";
				CLANG_CXX_LIBRARY = "libc++";
				CLANG_ENABLE_MODULES = YES;
				CLANG_ENABLE_OBJC_ARC = YES;
				CLANG_ENABLE_OBJC_WEAK = YES;
				CLANG_WARN_BLOCK_CAPTURE_AUTORELEASING = YES;
				CLANG_WARN_BOOL_CONVERSION = YES;
				CLANG_WARN_COMMA = YES;
				CLANG_WARN_CONSTANT_CONVERSION = YES;
				CLANG_WARN_DEPRECATED_OBJC_IMPLEMENTATIONS = YES;
				CLANG_WARN_DIRECT_OBJC_ISA_USAGE = YES_ERROR;
				CLANG_WARN_DOCUMENTATION_COMMENTS = YES;
				CLANG_WARN_EMPTY_BODY = YES;
				CLANG_WARN_ENUM_CONVERSION = YES;
				CLANG_WARN_INFINITE_RECURSION = YES;
				CLANG_WARN_INT_CONVERSION = YES;
				CLANG_WARN_NON_LITERAL_NULL_CONVERSION = YES;
				CLANG_WARN_OBJC_IMPLICIT_RETAIN_SELF = YES;
				CLANG_WARN_OBJC_LITERAL_CONVERSION = YES;
				CLANG_WARN_OBJC_ROOT_CLASS = YES_ERROR;
				CLANG_WARN_QUOTED_INCLUDE_IN_FRAMEWORK_HEADER = YES;
				CLANG_WARN_RANGE_LOOP_ANALYSIS = YES;
				CLANG_WARN_STRICT_PROTOTYPES = YES;
				CLANG_WARN_SUSPICIOUS_MOVE = YES;
				CLANG_WARN_UNGUARDED_AVAILABILITY = YES_AGGRESSIVE;
				CLANG_WARN_UNREACHABLE_CODE = YES;
				CLANG_WARN__DUPLICATE_METHOD_MATCH = YES;
				COPY_PHASE_STRIP = NO;
				CURRENT_PROJECT_VERSION = 1;
				DEBUG_INFORMATION_FORMAT = "dwarf-with-dsym";
				ENABLE_NS_ASSERTIONS = NO;
				ENABLE_STRICT_OBJC_MSGSEND = YES;
				GCC_C_LANGUAGE_STANDARD = gnu11;
				GCC_NO_COMMON_BLOCKS = YES;
				GCC_WARN_64_TO_32_BIT_CONVERSION = YES;
				GCC_WARN_ABOUT_RETURN_TYPE = YES_ERROR;
				GCC_WARN_UNDECLARED_SELECTOR = YES;
				GCC_WARN_UNINITIALIZED_AUTOS = YES_AGGRESSIVE;
				GCC_WARN_UNUSED_FUNCTION = YES;
				GCC_WARN_UNUSED_VARIABLE = YES;
				IPHONEOS_DEPLOYMENT_TARGET = 12.0;
				MTL_ENABLE_DEBUG_INFO = NO;
				MTL_FAST_MATH = YES;
				SDKROOT = iphoneos;
				SWIFT_COMPILATION_MODE = wholemodule;
				SWIFT_OPTIMIZATION_LEVEL = "-O";
				VALIDATE_PRODUCT = YES;
				VERSIONING_SYSTEM = "apple-generic";
				VERSION_INFO_PREFIX = "";
			};
			name = Release;
		};
		18748385244F0E0F00120F73 /* Debug */ = {
			isa = XCBuildConfiguration;
			buildSettings = {
				APPLICATION_EXTENSION_API_ONLY = YES;
				CLANG_ENABLE_MODULES = YES;
				CODE_SIGN_STYLE = Automatic;
				DEFINES_MODULE = YES;
				DEVELOPMENT_TEAM = M5BBZ59SV2;
				DYLIB_COMPATIBILITY_VERSION = 1;
				DYLIB_CURRENT_VERSION = 1;
				DYLIB_INSTALL_NAME_BASE = "@rpath";
				INFOPLIST_FILE = Source/Info.plist;
				INSTALL_PATH = "$(LOCAL_LIBRARY_DIR)/Frameworks";
				IPHONEOS_DEPLOYMENT_TARGET = 12.0;
				LD_RUNPATH_SEARCH_PATHS = (
					"$(inherited)",
					"@executable_path/Frameworks",
					"@loader_path/Frameworks",
				);
				MARKETING_VERSION = 0.0.1;
				PRODUCT_BUNDLE_IDENTIFIER = com.PigonaHill.TrefleSwiftSDK;
				PRODUCT_NAME = "$(TARGET_NAME:c99extidentifier)";
				SKIP_INSTALL = YES;
				SWIFT_OPTIMIZATION_LEVEL = "-Onone";
				SWIFT_VERSION = 5.0;
				TARGETED_DEVICE_FAMILY = "1,2";
			};
			name = Debug;
		};
		18748386244F0E0F00120F73 /* Release */ = {
			isa = XCBuildConfiguration;
			buildSettings = {
				APPLICATION_EXTENSION_API_ONLY = YES;
				CLANG_ENABLE_MODULES = YES;
				CODE_SIGN_STYLE = Automatic;
				DEFINES_MODULE = YES;
				DEVELOPMENT_TEAM = M5BBZ59SV2;
				DYLIB_COMPATIBILITY_VERSION = 1;
				DYLIB_CURRENT_VERSION = 1;
				DYLIB_INSTALL_NAME_BASE = "@rpath";
				INFOPLIST_FILE = Source/Info.plist;
				INSTALL_PATH = "$(LOCAL_LIBRARY_DIR)/Frameworks";
				IPHONEOS_DEPLOYMENT_TARGET = 12.0;
				LD_RUNPATH_SEARCH_PATHS = (
					"$(inherited)",
					"@executable_path/Frameworks",
					"@loader_path/Frameworks",
				);
				MARKETING_VERSION = 0.0.1;
				PRODUCT_BUNDLE_IDENTIFIER = com.PigonaHill.TrefleSwiftSDK;
				PRODUCT_NAME = "$(TARGET_NAME:c99extidentifier)";
				SKIP_INSTALL = YES;
				SWIFT_VERSION = 5.0;
				TARGETED_DEVICE_FAMILY = "1,2";
			};
			name = Release;
		};
		18748388244F0E0F00120F73 /* Debug */ = {
			isa = XCBuildConfiguration;
			buildSettings = {
				ALWAYS_EMBED_SWIFT_STANDARD_LIBRARIES = YES;
				CODE_SIGN_STYLE = Automatic;
				DEVELOPMENT_TEAM = M5BBZ59SV2;
				INFOPLIST_FILE = Tests/Info.plist;
				LD_RUNPATH_SEARCH_PATHS = (
					"$(inherited)",
					"@executable_path/Frameworks",
					"@loader_path/Frameworks",
				);
				PRODUCT_BUNDLE_IDENTIFIER = com.PigonaHill.TrefleSwiftSDKTests;
				PRODUCT_NAME = "$(TARGET_NAME)";
				SWIFT_VERSION = 5.0;
				TARGETED_DEVICE_FAMILY = "1,2";
			};
			name = Debug;
		};
		18748389244F0E0F00120F73 /* Release */ = {
			isa = XCBuildConfiguration;
			buildSettings = {
				ALWAYS_EMBED_SWIFT_STANDARD_LIBRARIES = YES;
				CODE_SIGN_STYLE = Automatic;
				DEVELOPMENT_TEAM = M5BBZ59SV2;
				INFOPLIST_FILE = Tests/Info.plist;
				LD_RUNPATH_SEARCH_PATHS = (
					"$(inherited)",
					"@executable_path/Frameworks",
					"@loader_path/Frameworks",
				);
				PRODUCT_BUNDLE_IDENTIFIER = com.PigonaHill.TrefleSwiftSDKTests;
				PRODUCT_NAME = "$(TARGET_NAME)";
				SWIFT_VERSION = 5.0;
				TARGETED_DEVICE_FAMILY = "1,2";
			};
			name = Release;
		};
/* End XCBuildConfiguration section */

/* Begin XCConfigurationList section */
		1874836A244F0E0E00120F73 /* Build configuration list for PBXProject "TrefleSwiftSDK" */ = {
			isa = XCConfigurationList;
			buildConfigurations = (
				18748382244F0E0F00120F73 /* Debug */,
				18748383244F0E0F00120F73 /* Release */,
			);
			defaultConfigurationIsVisible = 0;
			defaultConfigurationName = Release;
		};
		18748384244F0E0F00120F73 /* Build configuration list for PBXNativeTarget "TrefleSwiftSDK" */ = {
			isa = XCConfigurationList;
			buildConfigurations = (
				18748385244F0E0F00120F73 /* Debug */,
				18748386244F0E0F00120F73 /* Release */,
			);
			defaultConfigurationIsVisible = 0;
			defaultConfigurationName = Release;
		};
		18748387244F0E0F00120F73 /* Build configuration list for PBXNativeTarget "TrefleSwiftSDKTests" */ = {
			isa = XCConfigurationList;
			buildConfigurations = (
				18748388244F0E0F00120F73 /* Debug */,
				18748389244F0E0F00120F73 /* Release */,
			);
			defaultConfigurationIsVisible = 0;
			defaultConfigurationName = Release;
		};
/* End XCConfigurationList section */
	};
	rootObject = 18748367244F0E0E00120F73 /* Project object */;
}
